
Microsoft Visual Studio Solution File, Format Version 12.00
# Visual Studio Version 16
VisualStudioVersion = 16.0.31424.327
MinimumVisualStudioVersion = 10.0.40219.1
Project("{FAE04EC0-301F-11D3-BF4B-00C04F79EFBC}") = "Cu_excel", "Cu_excel\Cu_excel.csproj", "{24702BC6-219E-4885-B8C8-955F1D9C2622}"
EndProject
Global
	GlobalSection(SolutionConfigurationPlatforms) = preSolution
		Debug|Any CPU = Debug|Any CPU
		Release|Any CPU = Release|Any CPU
	EndGlobalSection
	GlobalSection(ProjectConfigurationPlatforms) = postSolution
		{24702BC6-219E-4885-B8C8-955F1D9C2622}.Debug|Any CPU.ActiveCfg = Debug|Any CPU
		{24702BC6-219E-4885-B8C8-955F1D9C2622}.Debug|Any CPU.Build.0 = Debug|Any CPU
		{24702BC6-219E-4885-B8C8-955F1D9C2622}.Release|Any CPU.ActiveCfg = Release|Any CPU
		{24702BC6-219E-4885-B8C8-955F1D9C2622}.Release|Any CPU.Build.0 = Release|Any CPU
	EndGlobalSection
	GlobalSection(SolutionProperties) = preSolution
		HideSolutionNode = FALSE
	EndGlobalSection
	GlobalSection(ExtensibilityGlobals) = postSolution
		SolutionGuid = {A7D3F92D-4322-4C93-B4CF-535D62EC21A5}
	EndGlobalSection
EndGlobal
